# THIS IS AN AUTOGENERATED FILE. DO NOT EDIT THIS FILE DIRECTLY.
# yarn lockfile v1


"@prettier/plugin-ruby@^0.12.3":
  version "0.12.3"
  resolved "https://registry.yarnpkg.com/@prettier/plugin-ruby/-/plugin-ruby-0.12.3.tgz#b7fb7af86c0f5822ca89a5c7c52946ff439f962c"
  integrity sha512-2DEsy9L5MW6fPCIHtl5b2ghVSh+J3ZBm+eyXDX8e/crKxVxzSdqMcYAHFdgtaZHMZvXvrFsftCZjw5qkwm3p3A==
  dependencies:
    prettier "^1.16.4"

prettier@^1.16.4:
  version "1.18.2"
  resolved "https://registry.yarnpkg.com/prettier/-/prettier-1.18.2.tgz#6823e7c5900017b4bd3acf46fe9ac4b4d7bda9ea"
  integrity sha512-OeHeMc0JhFE9idD4ZdtNibzY0+TPHSpSSb9h8FqtP+YnoZZ1sl8Vc9b1sasjfymH3SonAF4QcA2+mzHPhMvIiw==
